// !$*UTF8*$!
{
	archiveVersion = 1;
	classes = {
	};
	objectVersion = 50;
	objects = {

/* Begin PBXBuildFile section */
		28897E8424FA1DC000954020 /* AppDelegate.swift in Sources */ = {isa = PBXBuildFile; fileRef = 28897E8324FA1DC000954020 /* AppDelegate.swift */; };
		28897E8624FA1DC000954020 /* SceneDelegate.swift in Sources */ = {isa = PBXBuildFile; fileRef = 28897E8524FA1DC000954020 /* SceneDelegate.swift */; };
		28897E8824FA1DC000954020 /* ViewController.swift in Sources */ = {isa = PBXBuildFile; fileRef = 28897E8724FA1DC000954020 /* ViewController.swift */; };
		28897E8B24FA1DC000954020 /* Main.storyboard in Resources */ = {isa = PBXBuildFile; fileRef = 28897E8924FA1DC000954020 /* Main.storyboard */; };
		28897E8D24FA1DC200954020 /* Assets.xcassets in Resources */ = {isa = PBXBuildFile; fileRef = 28897E8C24FA1DC200954020 /* Assets.xcassets */; };
		28897E9024FA1DC200954020 /* LaunchScreen.storyboard in Resources */ = {isa = PBXBuildFile; fileRef = 28897E8E24FA1DC200954020 /* LaunchScreen.storyboard */; };
		28897E9A24FA3EA400954020 /* SecondViewController.swift in Sources */ = {isa = PBXBuildFile; fileRef = 28897E9924FA3EA400954020 /* SecondViewController.swift */; };
		28897E9C24FA49D100954020 /* makeImage.swift in Sources */ = {isa = PBXBuildFile; fileRef = 28897E9B24FA49D100954020 /* makeImage.swift */; };
/* End PBXBuildFile section */

/* Begin PBXFileReference section */
		28897E8024FA1DBF00954020 /* cameraApp.app */ = {isa = PBXFileReference; explicitFileType = wrapper.application; includeInIndex = 0; path = cameraApp.app; sourceTree = BUILT_PRODUCTS_DIR; };
		28897E8324FA1DC000954020 /* AppDelegate.swift */ = {isa = PBXFileReference; lastKnownFileType = sourcecode.swift; path = AppDelegate.swift; sourceTree = "<group>"; };
		28897E8524FA1DC000954020 /* SceneDelegate.swift */ = {isa = PBXFileReference; lastKnownFileType = sourcecode.swift; path = SceneDelegate.swift; sourceTree = "<group>"; };
		28897E8724FA1DC000954020 /* ViewController.swift */ = {isa = PBXFileReference; lastKnownFileType = sourcecode.swift; path = ViewController.swift; sourceTree = "<group>"; };
		28897E8A24FA1DC000954020 /* Base */ = {isa = PBXFileReference; lastKnownFileType = file.storyboard; name = Base; path = Base.lproj/Main.storyboard; sourceTree = "<group>"; };
		28897E8C24FA1DC200954020 /* Assets.xcassets */ = {isa = PBXFileReference; lastKnownFileType = folder.assetcatalog; path = Assets.xcassets; sourceTree = "<group>"; };
		28897E8F24FA1DC200954020 /* Base */ = {isa = PBXFileReference; lastKnownFileType = file.storyboard; name = Base; path = Base.lproj/LaunchScreen.storyboard; sourceTree = "<group>"; };
		28897E9124FA1DC200954020 /* Info.plist */ = {isa = PBXFileReference; lastKnownFileType = text.plist.xml; path = Info.plist; sourceTree = "<group>"; };
		28897E9924FA3EA400954020 /* SecondViewController.swift */ = {isa = PBXFileReference; lastKnownFileType = sourcecode.swift; path = SecondViewController.swift; sourceTree = "<group>"; };
		28897E9B24FA49D100954020 /* makeImage.swift */ = {isa = PBXFileReference; lastKnownFileType = sourcecode.swift; path = makeImage.swift; sourceTree = "<group>"; };
/* End PBXFileReference section */

/* Begin PBXFrameworksBuildPhase section */
		28897E7D24FA1DBF00954020 /* Frameworks */ = {
			isa = PBXFrameworksBuildPhase;
			buildActionMask = 2147483647;
			files = (
			);
			runOnlyForDeploymentPostprocessing = 0;
		};
/* End PBXFrameworksBuildPhase section */

/* Begin PBXGroup section */
		28897E7724FA1DBF00954020 = {
			isa = PBXGroup;
			children = (
				28897E8224FA1DC000954020 /* cameraApp */,
				28897E8124FA1DBF00954020 /* Products */,
			);
			sourceTree = "<group>";
		};
		28897E8124FA1DBF00954020 /* Products */ = {
			isa = PBXGroup;
			children = (
				28897E8024FA1DBF00954020 /* cameraApp.app */,
			);
			name = Products;
			sourceTree = "<group>";
		};
		28897E8224FA1DC000954020 /* cameraApp */ = {
			isa = PBXGroup;
			children = (
				28897E8324FA1DC000954020 /* AppDelegate.swift */,
				28897E8524FA1DC000954020 /* SceneDelegate.swift */,
				28897E8724FA1DC000954020 /* ViewController.swift */,
				28897E8924FA1DC000954020 /* Main.storyboard */,
				28897E8C24FA1DC200954020 /* Assets.xcassets */,
				28897E8E24FA1DC200954020 /* LaunchScreen.storyboard */,
				28897E9124FA1DC200954020 /* Info.plist */,
				28897E9924FA3EA400954020 /* SecondViewController.swift */,
				28897E9B24FA49D100954020 /* makeImage.swift */,
			);
			path = cameraApp;
			sourceTree = "<group>";
		};
/* End PBXGroup section */

/* Begin PBXNativeTarget section */
		28897E7F24FA1DBF00954020 /* cameraApp */ = {
			isa = PBXNativeTarget;
			buildConfigurationList = 28897E9424FA1DC200954020 /* Build configuration list for PBXNativeTarget "cameraApp" */;
			buildPhases = (
				28897E7C24FA1DBF00954020 /* Sources */,
				28897E7D24FA1DBF00954020 /* Frameworks */,
				28897E7E24FA1DBF00954020 /* Resources */,
			);
			buildRules = (
			);
			dependencies = (
			);
			name = cameraApp;
			productName = cameraApp;
			productReference = 28897E8024FA1DBF00954020 /* cameraApp.app */;
			productType = "com.apple.product-type.application";
		};
/* End PBXNativeTarget section */

/* Begin PBXProject section */
		28897E7824FA1DBF00954020 /* Project object */ = {
			isa = PBXProject;
			attributes = {
				LastSwiftUpdateCheck = 1160;
				LastUpgradeCheck = 1160;
				ORGANIZATIONNAME = Maresuke;
				TargetAttributes = {
					28897E7F24FA1DBF00954020 = {
						CreatedOnToolsVersion = 11.6;
					};
				};
			};
			buildConfigurationList = 28897E7B24FA1DBF00954020 /* Build configuration list for PBXProject "cameraApp" */;
			compatibilityVersion = "Xcode 9.3";
			developmentRegion = en;
			hasScannedForEncodings = 0;
			knownRegions = (
				en,
				Base,
			);
			mainGroup = 28897E7724FA1DBF00954020;
			productRefGroup = 28897E8124FA1DBF00954020 /* Products */;
			projectDirPath = "";
			projectRoot = "";
			targets = (
				28897E7F24FA1DBF00954020 /* cameraApp */,
			);
		};
/* End PBXProject section */

/* Begin PBXResourcesBuildPhase section */
		28897E7E24FA1DBF00954020 /* Resources */ = {
			isa = PBXResourcesBuildPhase;
			buildActionMask = 2147483647;
			files = (
				28897E9024FA1DC200954020 /* LaunchScreen.storyboard in Resources */,
				28897E8D24FA1DC200954020 /* Assets.xcassets in Resources */,
				28897E8B24FA1DC000954020 /* Main.storyboard in Resources */,
			);
			runOnlyForDeploymentPostprocessing = 0;
		};
/* End PBXResourcesBuildPhase section */

/* Begin PBXSourcesBuildPhase section */
		28897E7C24FA1DBF00954020 /* Sources */ = {
			isa = PBXSourcesBuildPhase;
			buildActionMask = 2147483647;
			files = (
				28897E9C24FA49D100954020 /* makeImage.swift in Sources */,
				28897E9A24FA3EA400954020 /* SecondViewController.swift in Sources */,
				28897E8824FA1DC000954020 /* ViewController.swift in Sources */,
				28897E8424FA1DC000954020 /* AppDelegate.swift in Sources */,
				28897E8624FA1DC000954020 /* SceneDelegate.swift in Sources */,
			);
			runOnlyForDeploymentPostprocessing = 0;
		};
/* End PBXSourcesBuildPhase section */

/* Begin PBXVariantGroup section */
		28897E8924FA1DC000954020 /* Main.storyboard */ = {
			isa = PBXVariantGroup;
			children = (
				28897E8A24FA1DC000954020 /* Base */,
			);
			name = Main.storyboard;
			sourceTree = "<group>";
		};
		28897E8E24FA1DC200954020 /* LaunchScreen.storyboard */ = {
			isa = PBXVariantGroup;
			children = (
				28897E8F24FA1DC200954020 /* Base */,
			);
			name = LaunchScreen.storyboard;
			sourceTree = "<group>";
		};
/* End PBXVariantGroup section */

/* Begin XCBuildConfiguration section */
		28897E9224FA1DC200954020 /* Debug */ = {
			isa = XCBuildConfiguration;
			buildSettings = {
				ALWAYS_SEARCH_USER_PATHS = NO;
				CLANG_ANALYZER_NONNULL = YES;
				CLANG_ANALYZER_NUMBER_OBJECT_CONVERSION = YES_AGGRESSIVE;
				CLANG_CXX_LANGUAGE_STANDARD = "gnu++14";
				CLANG_CXX_LIBRARY = "libc++";
				CLANG_ENABLE_MODULES = YES;
				CLANG_ENABLE_OBJC_ARC = YES;
				CLANG_ENABLE_OBJC_WEAK = YES;
				CLANG_WARN_BLOCK_CAPTURE_AUTORELEASING = YES;
				CLANG_WARN_BOOL_CONVERSION = YES;
				CLANG_WARN_COMMA = YES;
				CLANG_WARN_CONSTANT_CONVERSION = YES;
				CLANG_WARN_DEPRECATED_OBJC_IMPLEMENTATIONS = YES;
				CLANG_WARN_DIRECT_OBJC_ISA_USAGE = YES_ERROR;
				CLANG_WARN_DOCUMENTATION_COMMENTS = YES;
				CLANG_WARN_EMPTY_BODY = YES;
				CLANG_WARN_ENUM_CONVERSION = YES;
				CLANG_WARN_INFINITE_RECURSION = YES;
				CLANG_WARN_INT_CONVERSION = YES;
				CLANG_WARN_NON_LITERAL_NULL_CONVERSION = YES;
				CLANG_WARN_OBJC_IMPLICIT_RETAIN_SELF = YES;
				CLANG_WARN_OBJC_LITERAL_CONVERSION = YES;
				CLANG_WARN_OBJC_ROOT_CLASS = YES_ERROR;
				CLANG_WARN_RANGE_LOOP_ANALYSIS = YES;
				CLANG_WARN_STRICT_PROTOTYPES = YES;
				CLANG_WARN_SUSPICIOUS_MOVE = YES;
				CLANG_WARN_UNGUARDED_AVAILABILITY = YES_AGGRESSIVE;
				CLANG_WARN_UNREACHABLE_CODE = YES;
				CLANG_WARN__DUPLICATE_METHOD_MATCH = YES;
				COPY_PHASE_STRIP = NO;
				DEBUG_INFORMATION_FORMAT = dwarf;
				ENABLE_STRICT_OBJC_MSGSEND = YES;
				ENABLE_TESTABILITY = YES;
				GCC_C_LANGUAGE_STANDARD = gnu11;
				GCC_DYNAMIC_NO_PIC = NO;
				GCC_NO_COMMON_BLOCKS = YES;
				GCC_OPTIMIZATION_LEVEL = 0;
				GCC_PREPROCESSOR_DEFINITIONS = (
					"DEBUG=1",
					"$(inherited)",
				);
				GCC_WARN_64_TO_32_BIT_CONVERSION = YES;
				GCC_WARN_ABOUT_RETURN_TYPE = YES_ERROR;
				GCC_WARN_UNDECLARED_SELECTOR = YES;
				GCC_WARN_UNINITIALIZED_AUTOS = YES_AGGRESSIVE;
				GCC_WARN_UNUSED_FUNCTION = YES;
				GCC_WARN_UNUSED_VARIABLE = YES;
				IPHONEOS_DEPLOYMENT_TARGET = 13.6;
				MTL_ENABLE_DEBUG_INFO = INCLUDE_SOURCE;
				MTL_FAST_MATH = YES;
				ONLY_ACTIVE_ARCH = YES;
				SDKROOT = iphoneos;
				SWIFT_ACTIVE_COMPILATION_CONDITIONS = DEBUG;
				SWIFT_OPTIMIZATION_LEVEL = "-Onone";
			};
			name = Debug;
		};
		28897E9324FA1DC200954020 /* Release */ = {
			isa = XCBuildConfiguration;
			buildSettings = {
				ALWAYS_SEARCH_USER_PATHS = NO;
				CLANG_ANALYZER_NONNULL = YES;
				CLANG_ANALYZER_NUMBER_OBJECT_CONVERSION = YES_AGGRESSIVE;
				CLANG_CXX_LANGUAGE_STANDARD = "gnu++14";
				CLANG_CXX_LIBRARY = "libc++";
				CLANG_ENABLE_MODULES = YES;
				CLANG_ENABLE_OBJC_ARC = YES;
				CLANG_ENABLE_OBJC_WEAK = YES;
				CLANG_WARN_BLOCK_CAPTURE_AUTORELEASING = YES;
				CLANG_WARN_BOOL_CONVERSION = YES;
				CLANG_WARN_COMMA = YES;
				CLANG_WARN_CONSTANT_CONVERSION = YES;
				CLANG_WARN_DEPRECATED_OBJC_IMPLEMENTATIONS = YES;
				CLANG_WARN_DIRECT_OBJC_ISA_USAGE = YES_ERROR;
				CLANG_WARN_DOCUMENTATION_COMMENTS = YES;
				CLANG_WARN_EMPTY_BODY = YES;
				CLANG_WARN_ENUM_CONVERSION = YES;
				CLANG_WARN_INFINITE_RECURSION = YES;
				CLANG_WARN_INT_CONVERSION = YES;
				CLANG_WARN_NON_LITERAL_NULL_CONVERSION = YES;
				CLANG_WARN_OBJC_IMPLICIT_RETAIN_SELF = YES;
				CLANG_WARN_OBJC_LITERAL_CONVERSION = YES;
				CLANG_WARN_OBJC_ROOT_CLASS = YES_ERROR;
				CLANG_WARN_RANGE_LOOP_ANALYSIS = YES;
				CLANG_WARN_STRICT_PROTOTYPES = YES;
				CLANG_WARN_SUSPICIOUS_MOVE = YES;
				CLANG_WARN_UNGUARDED_AVAILABILITY = YES_AGGRESSIVE;
				CLANG_WARN_UNREACHABLE_CODE = YES;
				CLANG_WARN__DUPLICATE_METHOD_MATCH = YES;
				COPY_PHASE_STRIP = NO;
				DEBUG_INFORMATION_FORMAT = "dwarf-with-dsym";
				ENABLE_NS_ASSERTIONS = NO;
				ENABLE_STRICT_OBJC_MSGSEND = YES;
				GCC_C_LANGUAGE_STANDARD = gnu11;
				GCC_NO_COMMON_BLOCKS = YES;
				GCC_WARN_64_TO_32_BIT_CONVERSION = YES;
				GCC_WARN_ABOUT_RETURN_TYPE = YES_ERROR;
				GCC_WARN_UNDECLARED_SELECTOR = YES;
				GCC_WARN_UNINITIALIZED_AUTOS = YES_AGGRESSIVE;
				GCC_WARN_UNUSED_FUNCTION = YES;
				GCC_WARN_UNUSED_VARIABLE = YES;
				IPHONEOS_DEPLOYMENT_TARGET = 13.6;
				MTL_ENABLE_DEBUG_INFO = NO;
				MTL_FAST_MATH = YES;
				SDKROOT = iphoneos;
				SWIFT_COMPILATION_MODE = wholemodule;
				SWIFT_OPTIMIZATION_LEVEL = "-O";
				VALIDATE_PRODUCT = YES;
			};
			name = Release;
		};
		28897E9524FA1DC200954020 /* Debug */ = {
			isa = XCBuildConfiguration;
			buildSettings = {
				ASSETCATALOG_COMPILER_APPICON_NAME = AppIcon;
				CODE_SIGN_STYLE = Automatic;
				INFOPLIST_FILE = cameraApp/Info.plist;
				LD_RUNPATH_SEARCH_PATHS = (
					"$(inherited)",
					"@executable_path/Frameworks",
				);
				PRODUCT_BUNDLE_IDENTIFIER = Maresuke.cameraApp;
				PRODUCT_NAME = "$(TARGET_NAME)";
				SWIFT_VERSION = 5.0;
				TARGETED_DEVICE_FAMILY = "1,2";
			};
			name = Debug;
		};
		28897E9624FA1DC200954020 /* Release */ = {
			isa = XCBuildConfiguration;
			buildSettings = {
				ASSETCATALOG_COMPILER_APPICON_NAME = AppIcon;
				CODE_SIGN_STYLE = Automatic;
				INFOPLIST_FILE = cameraApp/Info.plist;
				LD_RUNPATH_SEARCH_PATHS = (
					"$(inherited)",
					"@executable_path/Frameworks",
				);
				PRODUCT_BUNDLE_IDENTIFIER = Maresuke.cameraApp;
				PRODUCT_NAME = "$(TARGET_NAME)";
				SWIFT_VERSION = 5.0;
				TARGETED_DEVICE_FAMILY = "1,2";
			};
			name = Release;
		};
/* End XCBuildConfiguration section */

/* Begin XCConfigurationList section */
		28897E7B24FA1DBF00954020 /* Build configuration list for PBXProject "cameraApp" */ = {
			isa = XCConfigurationList;
			buildConfigurations = (
				28897E9224FA1DC200954020 /* Debug */,
				28897E9324FA1DC200954020 /* Release */,
			);
			defaultConfigurationIsVisible = 0;
			defaultConfigurationName = Release;
		};
		28897E9424FA1DC200954020 /* Build configuration list for PBXNativeTarget "cameraApp" */ = {
			isa = XCConfigurationList;
			buildConfigurations = (
				28897E9524FA1DC200954020 /* Debug */,
				28897E9624FA1DC200954020 /* Release */,
			);
			defaultConfigurationIsVisible = 0;
			defaultConfigurationName = Release;
		};
/* End XCConfigurationList section */
	};
	rootObject = 28897E7824FA1DBF00954020 /* Project object */;
}
